
Microsoft Visual Studio Solution File, Format Version 12.00
# Visual Studio Version 16
VisualStudioVersion = 16.0.29326.143
MinimumVisualStudioVersion = 10.0.40219.1
Project("{8BC9CEB8-8B4A-11D0-8D11-00A0C91BC942}") = "TempControl", "TempControl\TempControl.vcxproj", "{C5F80730-F44F-4478-BDAE-6634EFC2CA88}"
EndProject
Project("{8BC9CEB8-8B4A-11D0-8D11-00A0C91BC942}") = "TempControlV2", "TempControlV2\TempControlV2.vcxproj", "{45C5F092-3560-4BF7-A84E-033B8277E279}"
EndProject
Project("{8BC9CEB8-8B4A-11D0-8D11-00A0C91BC942}") = "TempControlV3", "TempControlV3\TempControlV3.vcxproj", "{7FA9DE2A-CD82-475B-9619-FC11D3BFB37E}"
EndProject
Global
	GlobalSection(SolutionConfigurationPlatforms) = preSolution
		Debug|x86 = Debug|x86
		Release|x86 = Release|x86
	EndGlobalSection
	GlobalSection(ProjectConfigurationPlatforms) = postSolution
		{C5F80730-F44F-4478-BDAE-6634EFC2CA88}.Debug|x86.ActiveCfg = Debug|Win32
		{C5F80730-F44F-4478-BDAE-6634EFC2CA88}.Debug|x86.Build.0 = Debug|Win32
		{C5F80730-F44F-4478-BDAE-6634EFC2CA88}.Release|x86.ActiveCfg = Release|Win32
		{C5F80730-F44F-4478-BDAE-6634EFC2CA88}.Release|x86.Build.0 = Release|Win32
		{45C5F092-3560-4BF7-A84E-033B8277E279}.Debug|x86.ActiveCfg = Debug|Win32
		{45C5F092-3560-4BF7-A84E-033B8277E279}.Debug|x86.Build.0 = Debug|Win32
		{45C5F092-3560-4BF7-A84E-033B8277E279}.Release|x86.ActiveCfg = Release|Win32
		{45C5F092-3560-4BF7-A84E-033B8277E279}.Release|x86.Build.0 = Release|Win32
		{7FA9DE2A-CD82-475B-9619-FC11D3BFB37E}.Debug|x86.ActiveCfg = Debug|Win32
		{7FA9DE2A-CD82-475B-9619-FC11D3BFB37E}.Debug|x86.Build.0 = Debug|Win32
		{7FA9DE2A-CD82-475B-9619-FC11D3BFB37E}.Release|x86.ActiveCfg = Release|Win32
		{7FA9DE2A-CD82-475B-9619-FC11D3BFB37E}.Release|x86.Build.0 = Release|Win32
	EndGlobalSection
	GlobalSection(SolutionProperties) = preSolution
		HideSolutionNode = FALSE
	EndGlobalSection
	GlobalSection(ExtensibilityGlobals) = postSolution
		SolutionGuid = {302067AA-E128-4744-804B-391BE185A28A}
	EndGlobalSection
EndGlobal
